
Microsoft Visual Studio Solution File, Format Version 12.00
# Visual Studio Version 17
VisualStudioVersion = 17.13.35931.197 d17.13
MinimumVisualStudioVersion = 10.0.40219.1
Project("{8BC9CEB8-8B4A-11D0-8D11-00A0C91BC942}") = "game", "game\game.vcxproj", "{F2BD6AE3-A67B-4909-979A-F67E3443B386}"
EndProject
Global
	GlobalSection(SolutionConfigurationPlatforms) = preSolution
		Debug|x64 = Debug|x64
		Debug|x86 = Debug|x86
		Release|x64 = Release|x64
		Release|x86 = Release|x86
	EndGlobalSection
	GlobalSection(ProjectConfigurationPlatforms) = postSolution
		{F2BD6AE3-A67B-4909-979A-F67E3443B386}.Debug|x64.ActiveCfg = Debug|x64
		{F2BD6AE3-A67B-4909-979A-F67E3443B386}.Debug|x64.Build.0 = Debug|x64
		{F2BD6AE3-A67B-4909-979A-F67E3443B386}.Debug|x86.ActiveCfg = Debug|Win32
		{F2BD6AE3-A67B-4909-979A-F67E3443B386}.Debug|x86.Build.0 = Debug|Win32
		{F2BD6AE3-A67B-4909-979A-F67E3443B386}.Release|x64.ActiveCfg = Release|x64
		{F2BD6AE3-A67B-4909-979A-F67E3443B386}.Release|x64.Build.0 = Release|x64
		{F2BD6AE3-A67B-4909-979A-F67E3443B386}.Release|x86.ActiveCfg = Release|Win32
		{F2BD6AE3-A67B-4909-979A-F67E3443B386}.Release|x86.Build.0 = Release|Win32
	EndGlobalSection
	GlobalSection(SolutionProperties) = preSolution
		HideSolutionNode = FALSE
	EndGlobalSection
	GlobalSection(ExtensibilityGlobals) = postSolution
		SolutionGuid = {5264D5D1-F92E-42C6-A7A0-FE6320DBB6C3}
	EndGlobalSection
EndGlobal
